github.com/davecgh/go-spew v1.1.1 h1:vj9j/u1bqnvCEfJOwUhtlOARqs3+rkHYY13jYWTU97c=
github.com/davecgh/go-spew v1.1.1/go.mod h1:J7Y8YcW2NihsgmVo/mv3lAwl/skON4iLHjSsI+c5H38=
rogchap.com/v8go v0.1.0 h1:8NBXdXn+0YiwDkWUQn8PZPiNRvxxRfMPxyDgzmU3f0A=
rogchap.com/v8go v0.1.0/go.mod h1:IitZnaOtWSJadY/7qinKHIEHpxsilMWyLQ+Efdo4n4I=
